
Microsoft Visual Studio Solution File, Format Version 12.00
# Visual Studio 2017
Project("{FAE04EC0-301F-11D3-BF4B-00C04F79EFBC}") = "Project God.Plugins", "Project God.Plugins.csproj", "{AE84F5F2-3A03-FD5A-66D3-A77A1DDF9030}"
EndProject
Project("{FAE04EC0-301F-11D3-BF4B-00C04F79EFBC}") = "Project God", "Project God.csproj", "{647A94ED-2EA7-30AE-D4D8-027FAE839BA4}"
EndProject
Project("{FAE04EC0-301F-11D3-BF4B-00C04F79EFBC}") = "Project God.Editor", "Project God.Editor.csproj", "{C2E80BF8-A323-D0A4-5BC1-B2587521F748}"
EndProject
Global
	GlobalSection(SolutionConfigurationPlatforms) = preSolution
		Debug|Any CPU = Debug|Any CPU
		Release|Any CPU = Release|Any CPU
	EndGlobalSection
	GlobalSection(ProjectConfigurationPlatforms) = postSolution
		{AE84F5F2-3A03-FD5A-66D3-A77A1DDF9030}.Debug|Any CPU.ActiveCfg = Debug|Any CPU
		{AE84F5F2-3A03-FD5A-66D3-A77A1DDF9030}.Debug|Any CPU.Build.0 = Debug|Any CPU
		{AE84F5F2-3A03-FD5A-66D3-A77A1DDF9030}.Release|Any CPU.ActiveCfg = Release|Any CPU
		{AE84F5F2-3A03-FD5A-66D3-A77A1DDF9030}.Release|Any CPU.Build.0 = Release|Any CPU
		{647A94ED-2EA7-30AE-D4D8-027FAE839BA4}.Debug|Any CPU.ActiveCfg = Debug|Any CPU
		{647A94ED-2EA7-30AE-D4D8-027FAE839BA4}.Debug|Any CPU.Build.0 = Debug|Any CPU
		{647A94ED-2EA7-30AE-D4D8-027FAE839BA4}.Release|Any CPU.ActiveCfg = Release|Any CPU
		{647A94ED-2EA7-30AE-D4D8-027FAE839BA4}.Release|Any CPU.Build.0 = Release|Any CPU
		{C2E80BF8-A323-D0A4-5BC1-B2587521F748}.Debug|Any CPU.ActiveCfg = Debug|Any CPU
		{C2E80BF8-A323-D0A4-5BC1-B2587521F748}.Debug|Any CPU.Build.0 = Debug|Any CPU
		{C2E80BF8-A323-D0A4-5BC1-B2587521F748}.Release|Any CPU.ActiveCfg = Release|Any CPU
		{C2E80BF8-A323-D0A4-5BC1-B2587521F748}.Release|Any CPU.Build.0 = Release|Any CPU
	EndGlobalSection
	GlobalSection(SolutionProperties) = preSolution
		HideSolutionNode = FALSE
	EndGlobalSection
EndGlobal
